// !$*UTF8*$!
{
	archiveVersion = 1;
	classes = {
	};
	objectVersion = 50;
	objects = {

/* Begin PBXBuildFile section */
		49EE5F8423E94777004D701B /* AppDelegate.swift in Sources */ = {isa = PBXBuildFile; fileRef = 49EE5F8323E94777004D701B /* AppDelegate.swift */; };
		49EE5F8623E94777004D701B /* SceneDelegate.swift in Sources */ = {isa = PBXBuildFile; fileRef = 49EE5F8523E94777004D701B /* SceneDelegate.swift */; };
		49EE5F8823E94777004D701B /* ViewController.swift in Sources */ = {isa = PBXBuildFile; fileRef = 49EE5F8723E94777004D701B /* ViewController.swift */; };
		49EE5F8B23E94778004D701B /* Main.storyboard in Resources */ = {isa = PBXBuildFile; fileRef = 49EE5F8923E94778004D701B /* Main.storyboard */; };
		49EE5F8D23E9477A004D701B /* Assets.xcassets in Resources */ = {isa = PBXBuildFile; fileRef = 49EE5F8C23E9477A004D701B /* Assets.xcassets */; };
		49EE5F9023E9477A004D701B /* LaunchScreen.storyboard in Resources */ = {isa = PBXBuildFile; fileRef = 49EE5F8E23E9477A004D701B /* LaunchScreen.storyboard */; };
		49EE5F9B23E9477A004D701B /* bip_the_guyTests.swift in Sources */ = {isa = PBXBuildFile; fileRef = 49EE5F9A23E9477A004D701B /* bip_the_guyTests.swift */; };
		49EE5FA623E9477A004D701B /* bip_the_guyUITests.swift in Sources */ = {isa = PBXBuildFile; fileRef = 49EE5FA523E9477A004D701B /* bip_the_guyUITests.swift */; };
/* End PBXBuildFile section */

/* Begin PBXContainerItemProxy section */
		49EE5F9723E9477A004D701B /* PBXContainerItemProxy */ = {
			isa = PBXContainerItemProxy;
			containerPortal = 49EE5F7823E94777004D701B /* Project object */;
			proxyType = 1;
			remoteGlobalIDString = 49EE5F7F23E94777004D701B;
			remoteInfo = "bip the guy";
		};
		49EE5FA223E9477A004D701B /* PBXContainerItemProxy */ = {
			isa = PBXContainerItemProxy;
			containerPortal = 49EE5F7823E94777004D701B /* Project object */;
			proxyType = 1;
			remoteGlobalIDString = 49EE5F7F23E94777004D701B;
			remoteInfo = "bip the guy";
		};
/* End PBXContainerItemProxy section */

/* Begin PBXFileReference section */
		49EE5F8023E94777004D701B /* bip the guy.app */ = {isa = PBXFileReference; explicitFileType = wrapper.application; includeInIndex = 0; path = "bip the guy.app"; sourceTree = BUILT_PRODUCTS_DIR; };
		49EE5F8323E94777004D701B /* AppDelegate.swift */ = {isa = PBXFileReference; lastKnownFileType = sourcecode.swift; path = AppDelegate.swift; sourceTree = "<group>"; };
		49EE5F8523E94777004D701B /* SceneDelegate.swift */ = {isa = PBXFileReference; lastKnownFileType = sourcecode.swift; path = SceneDelegate.swift; sourceTree = "<group>"; };
		49EE5F8723E94777004D701B /* ViewController.swift */ = {isa = PBXFileReference; lastKnownFileType = sourcecode.swift; path = ViewController.swift; sourceTree = "<group>"; };
		49EE5F8A23E94778004D701B /* Base */ = {isa = PBXFileReference; lastKnownFileType = file.storyboard; name = Base; path = Base.lproj/Main.storyboard; sourceTree = "<group>"; };
		49EE5F8C23E9477A004D701B /* Assets.xcassets */ = {isa = PBXFileReference; lastKnownFileType = folder.assetcatalog; path = Assets.xcassets; sourceTree = "<group>"; };
		49EE5F8F23E9477A004D701B /* Base */ = {isa = PBXFileReference; lastKnownFileType = file.storyboard; name = Base; path = Base.lproj/LaunchScreen.storyboard; sourceTree = "<group>"; };
		49EE5F9123E9477A004D701B /* Info.plist */ = {isa = PBXFileReference; lastKnownFileType = text.plist.xml; path = Info.plist; sourceTree = "<group>"; };
		49EE5F9623E9477A004D701B /* bip the guyTests.xctest */ = {isa = PBXFileReference; explicitFileType = wrapper.cfbundle; includeInIndex = 0; path = "bip the guyTests.xctest"; sourceTree = BUILT_PRODUCTS_DIR; };
		49EE5F9A23E9477A004D701B /* bip_the_guyTests.swift */ = {isa = PBXFileReference; lastKnownFileType = sourcecode.swift; path = bip_the_guyTests.swift; sourceTree = "<group>"; };
		49EE5F9C23E9477A004D701B /* Info.plist */ = {isa = PBXFileReference; lastKnownFileType = text.plist.xml; path = Info.plist; sourceTree = "<group>"; };
		49EE5FA123E9477A004D701B /* bip the guyUITests.xctest */ = {isa = PBXFileReference; explicitFileType = wrapper.cfbundle; includeInIndex = 0; path = "bip the guyUITests.xctest"; sourceTree = BUILT_PRODUCTS_DIR; };
		49EE5FA523E9477A004D701B /* bip_the_guyUITests.swift */ = {isa = PBXFileReference; lastKnownFileType = sourcecode.swift; path = bip_the_guyUITests.swift; sourceTree = "<group>"; };
		49EE5FA723E9477A004D701B /* Info.plist */ = {isa = PBXFileReference; lastKnownFileType = text.plist.xml; path = Info.plist; sourceTree = "<group>"; };
/* End PBXFileReference section */

/* Begin PBXFrameworksBuildPhase section */
		49EE5F7D23E94777004D701B /* Frameworks */ = {
			isa = PBXFrameworksBuildPhase;
			buildActionMask = 2147483647;
			files = (
			);
			runOnlyForDeploymentPostprocessing = 0;
		};
		49EE5F9323E9477A004D701B /* Frameworks */ = {
			isa = PBXFrameworksBuildPhase;
			buildActionMask = 2147483647;
			files = (
			);
			runOnlyForDeploymentPostprocessing = 0;
		};
		49EE5F9E23E9477A004D701B /* Frameworks */ = {
			isa = PBXFrameworksBuildPhase;
			buildActionMask = 2147483647;
			files = (
			);
			runOnlyForDeploymentPostprocessing = 0;
		};
/* End PBXFrameworksBuildPhase section */

/* Begin PBXGroup section */
		49EE5F7723E94777004D701B = {
			isa = PBXGroup;
			children = (
				49EE5F8223E94777004D701B /* bip the guy */,
				49EE5F9923E9477A004D701B /* bip the guyTests */,
				49EE5FA423E9477A004D701B /* bip the guyUITests */,
				49EE5F8123E94777004D701B /* Products */,
			);
			sourceTree = "<group>";
		};
		49EE5F8123E94777004D701B /* Products */ = {
			isa = PBXGroup;
			children = (
				49EE5F8023E94777004D701B /* bip the guy.app */,
				49EE5F9623E9477A004D701B /* bip the guyTests.xctest */,
				49EE5FA123E9477A004D701B /* bip the guyUITests.xctest */,
			);
			name = Products;
			sourceTree = "<group>";
		};
		49EE5F8223E94777004D701B /* bip the guy */ = {
			isa = PBXGroup;
			children = (
				49EE5F8323E94777004D701B /* AppDelegate.swift */,
				49EE5F8523E94777004D701B /* SceneDelegate.swift */,
				49EE5F8723E94777004D701B /* ViewController.swift */,
				49EE5F8923E94778004D701B /* Main.storyboard */,
				49EE5F8C23E9477A004D701B /* Assets.xcassets */,
				49EE5F8E23E9477A004D701B /* LaunchScreen.storyboard */,
				49EE5F9123E9477A004D701B /* Info.plist */,
			);
			path = "bip the guy";
			sourceTree = "<group>";
		};
		49EE5F9923E9477A004D701B /* bip the guyTests */ = {
			isa = PBXGroup;
			children = (
				49EE5F9A23E9477A004D701B /* bip_the_guyTests.swift */,
				49EE5F9C23E9477A004D701B /* Info.plist */,
			);
			path = "bip the guyTests";
			sourceTree = "<group>";
		};
		49EE5FA423E9477A004D701B /* bip the guyUITests */ = {
			isa = PBXGroup;
			children = (
				49EE5FA523E9477A004D701B /* bip_the_guyUITests.swift */,
				49EE5FA723E9477A004D701B /* Info.plist */,
			);
			path = "bip the guyUITests";
			sourceTree = "<group>";
		};
/* End PBXGroup section */

/* Begin PBXNativeTarget section */
		49EE5F7F23E94777004D701B /* bip the guy */ = {
			isa = PBXNativeTarget;
			buildConfigurationList = 49EE5FAA23E9477A004D701B /* Build configuration list for PBXNativeTarget "bip the guy" */;
			buildPhases = (
				49EE5F7C23E94777004D701B /* Sources */,
				49EE5F7D23E94777004D701B /* Frameworks */,
				49EE5F7E23E94777004D701B /* Resources */,
			);
			buildRules = (
			);
			dependencies = (
			);
			name = "bip the guy";
			productName = "bip the guy";
			productReference = 49EE5F8023E94777004D701B /* bip the guy.app */;
			productType = "com.apple.product-type.application";
		};
		49EE5F9523E9477A004D701B /* bip the guyTests */ = {
			isa = PBXNativeTarget;
			buildConfigurationList = 49EE5FAD23E9477A004D701B /* Build configuration list for PBXNativeTarget "bip the guyTests" */;
			buildPhases = (
				49EE5F9223E9477A004D701B /* Sources */,
				49EE5F9323E9477A004D701B /* Frameworks */,
				49EE5F9423E9477A004D701B /* Resources */,
			);
			buildRules = (
			);
			dependencies = (
				49EE5F9823E9477A004D701B /* PBXTargetDependency */,
			);
			name = "bip the guyTests";
			productName = "bip the guyTests";
			productReference = 49EE5F9623E9477A004D701B /* bip the guyTests.xctest */;
			productType = "com.apple.product-type.bundle.unit-test";
		};
		49EE5FA023E9477A004D701B /* bip the guyUITests */ = {
			isa = PBXNativeTarget;
			buildConfigurationList = 49EE5FB023E9477A004D701B /* Build configuration list for PBXNativeTarget "bip the guyUITests" */;
			buildPhases = (
				49EE5F9D23E9477A004D701B /* Sources */,
				49EE5F9E23E9477A004D701B /* Frameworks */,
				49EE5F9F23E9477A004D701B /* Resources */,
			);
			buildRules = (
			);
			dependencies = (
				49EE5FA323E9477A004D701B /* PBXTargetDependency */,
			);
			name = "bip the guyUITests";
			productName = "bip the guyUITests";
			productReference = 49EE5FA123E9477A004D701B /* bip the guyUITests.xctest */;
			productType = "com.apple.product-type.bundle.ui-testing";
		};
/* End PBXNativeTarget section */

/* Begin PBXProject section */
		49EE5F7823E94777004D701B /* Project object */ = {
			isa = PBXProject;
			attributes = {
				LastSwiftUpdateCheck = 1130;
				LastUpgradeCheck = 1130;
				ORGANIZATIONNAME = "Patrick McDonough";
				TargetAttributes = {
					49EE5F7F23E94777004D701B = {
						CreatedOnToolsVersion = 11.3.1;
					};
					49EE5F9523E9477A004D701B = {
						CreatedOnToolsVersion = 11.3.1;
						TestTargetID = 49EE5F7F23E94777004D701B;
					};
					49EE5FA023E9477A004D701B = {
						CreatedOnToolsVersion = 11.3.1;
						TestTargetID = 49EE5F7F23E94777004D701B;
					};
				};
			};
			buildConfigurationList = 49EE5F7B23E94777004D701B /* Build configuration list for PBXProject "bip the guy" */;
			compatibilityVersion = "Xcode 9.3";
			developmentRegion = en;
			hasScannedForEncodings = 0;
			knownRegions = (
				en,
				Base,
			);
			mainGroup = 49EE5F7723E94777004D701B;
			productRefGroup = 49EE5F8123E94777004D701B /* Products */;
			projectDirPath = "";
			projectRoot = "";
			targets = (
				49EE5F7F23E94777004D701B /* bip the guy */,
				49EE5F9523E9477A004D701B /* bip the guyTests */,
				49EE5FA023E9477A004D701B /* bip the guyUITests */,
			);
		};
/* End PBXProject section */

/* Begin PBXResourcesBuildPhase section */
		49EE5F7E23E94777004D701B /* Resources */ = {
			isa = PBXResourcesBuildPhase;
			buildActionMask = 2147483647;
			files = (
				49EE5F9023E9477A004D701B /* LaunchScreen.storyboard in Resources */,
				49EE5F8D23E9477A004D701B /* Assets.xcassets in Resources */,
				49EE5F8B23E94778004D701B /* Main.storyboard in Resources */,
			);
			runOnlyForDeploymentPostprocessing = 0;
		};
		49EE5F9423E9477A004D701B /* Resources */ = {
			isa = PBXResourcesBuildPhase;
			buildActionMask = 2147483647;
			files = (
			);
			runOnlyForDeploymentPostprocessing = 0;
		};
		49EE5F9F23E9477A004D701B /* Resources */ = {
			isa = PBXResourcesBuildPhase;
			buildActionMask = 2147483647;
			files = (
			);
			runOnlyForDeploymentPostprocessing = 0;
		};
/* End PBXResourcesBuildPhase section */

/* Begin PBXSourcesBuildPhase section */
		49EE5F7C23E94777004D701B /* Sources */ = {
			isa = PBXSourcesBuildPhase;
			buildActionMask = 2147483647;
			files = (
				49EE5F8823E94777004D701B /* ViewController.swift in Sources */,
				49EE5F8423E94777004D701B /* AppDelegate.swift in Sources */,
				49EE5F8623E94777004D701B /* SceneDelegate.swift in Sources */,
			);
			runOnlyForDeploymentPostprocessing = 0;
		};
		49EE5F9223E9477A004D701B /* Sources */ = {
			isa = PBXSourcesBuildPhase;
			buildActionMask = 2147483647;
			files = (
				49EE5F9B23E9477A004D701B /* bip_the_guyTests.swift in Sources */,
			);
			runOnlyForDeploymentPostprocessing = 0;
		};
		49EE5F9D23E9477A004D701B /* Sources */ = {
			isa = PBXSourcesBuildPhase;
			buildActionMask = 2147483647;
			files = (
				49EE5FA623E9477A004D701B /* bip_the_guyUITests.swift in Sources */,
			);
			runOnlyForDeploymentPostprocessing = 0;
		};
/* End PBXSourcesBuildPhase section */

/* Begin PBXTargetDependency section */
		49EE5F9823E9477A004D701B /* PBXTargetDependency */ = {
			isa = PBXTargetDependency;
			target = 49EE5F7F23E94777004D701B /* bip the guy */;
			targetProxy = 49EE5F9723E9477A004D701B /* PBXContainerItemProxy */;
		};
		49EE5FA323E9477A004D701B /* PBXTargetDependency */ = {
			isa = PBXTargetDependency;
			target = 49EE5F7F23E94777004D701B /* bip the guy */;
			targetProxy = 49EE5FA223E9477A004D701B /* PBXContainerItemProxy */;
		};
/* End PBXTargetDependency section */

/* Begin PBXVariantGroup section */
		49EE5F8923E94778004D701B /* Main.storyboard */ = {
			isa = PBXVariantGroup;
			children = (
				49EE5F8A23E94778004D701B /* Base */,
			);
			name = Main.storyboard;
			sourceTree = "<group>";
		};
		49EE5F8E23E9477A004D701B /* LaunchScreen.storyboard */ = {
			isa = PBXVariantGroup;
			children = (
				49EE5F8F23E9477A004D701B /* Base */,
			);
			name = LaunchScreen.storyboard;
			sourceTree = "<group>";
		};
/* End PBXVariantGroup section */

/* Begin XCBuildConfiguration section */
		49EE5FA823E9477A004D701B /* Debug */ = {
			isa = XCBuildConfiguration;
			buildSettings = {
				ALWAYS_SEARCH_USER_PATHS = NO;
				CLANG_ANALYZER_NONNULL = YES;
				CLANG_ANALYZER_NUMBER_OBJECT_CONVERSION = YES_AGGRESSIVE;
				CLANG_CXX_LANGUAGE_STANDARD = "gnu++14";
				CLANG_CXX_LIBRARY = "libc++";
				CLANG_ENABLE_MODULES = YES;
				CLANG_ENABLE_OBJC_ARC = YES;
				CLANG_ENABLE_OBJC_WEAK = YES;
				CLANG_WARN_BLOCK_CAPTURE_AUTORELEASING = YES;
				CLANG_WARN_BOOL_CONVERSION = YES;
				CLANG_WARN_COMMA = YES;
				CLANG_WARN_CONSTANT_CONVERSION = YES;
				CLANG_WARN_DEPRECATED_OBJC_IMPLEMENTATIONS = YES;
				CLANG_WARN_DIRECT_OBJC_ISA_USAGE = YES_ERROR;
				CLANG_WARN_DOCUMENTATION_COMMENTS = YES;
				CLANG_WARN_EMPTY_BODY = YES;
				CLANG_WARN_ENUM_CONVERSION = YES;
				CLANG_WARN_INFINITE_RECURSION = YES;
				CLANG_WARN_INT_CONVERSION = YES;
				CLANG_WARN_NON_LITERAL_NULL_CONVERSION = YES;
				CLANG_WARN_OBJC_IMPLICIT_RETAIN_SELF = YES;
				CLANG_WARN_OBJC_LITERAL_CONVERSION = YES;
				CLANG_WARN_OBJC_ROOT_CLASS = YES_ERROR;
				CLANG_WARN_RANGE_LOOP_ANALYSIS = YES;
				CLANG_WARN_STRICT_PROTOTYPES = YES;
				CLANG_WARN_SUSPICIOUS_MOVE = YES;
				CLANG_WARN_UNGUARDED_AVAILABILITY = YES_AGGRESSIVE;
				CLANG_WARN_UNREACHABLE_CODE = YES;
				CLANG_WARN__DUPLICATE_METHOD_MATCH = YES;
				COPY_PHASE_STRIP = NO;
				DEBUG_INFORMATION_FORMAT = dwarf;
				ENABLE_STRICT_OBJC_MSGSEND = YES;
				ENABLE_TESTABILITY = YES;
				GCC_C_LANGUAGE_STANDARD = gnu11;
				GCC_DYNAMIC_NO_PIC = NO;
				GCC_NO_COMMON_BLOCKS = YES;
				GCC_OPTIMIZATION_LEVEL = 0;
				GCC_PREPROCESSOR_DEFINITIONS = (
					"DEBUG=1",
					"$(inherited)",
				);
				GCC_WARN_64_TO_32_BIT_CONVERSION = YES;
				GCC_WARN_ABOUT_RETURN_TYPE = YES_ERROR;
				GCC_WARN_UNDECLARED_SELECTOR = YES;
				GCC_WARN_UNINITIALIZED_AUTOS = YES_AGGRESSIVE;
				GCC_WARN_UNUSED_FUNCTION = YES;
				GCC_WARN_UNUSED_VARIABLE = YES;
				IPHONEOS_DEPLOYMENT_TARGET = 13.2;
				MTL_ENABLE_DEBUG_INFO = INCLUDE_SOURCE;
				MTL_FAST_MATH = YES;
				ONLY_ACTIVE_ARCH = YES;
				SDKROOT = iphoneos;
				SWIFT_ACTIVE_COMPILATION_CONDITIONS = DEBUG;
				SWIFT_OPTIMIZATION_LEVEL = "-Onone";
			};
			name = Debug;
		};
		49EE5FA923E9477A004D701B /* Release */ = {
			isa = XCBuildConfiguration;
			buildSettings = {
				ALWAYS_SEARCH_USER_PATHS = NO;
				CLANG_ANALYZER_NONNULL = YES;
				CLANG_ANALYZER_NUMBER_OBJECT_CONVERSION = YES_AGGRESSIVE;
				CLANG_CXX_LANGUAGE_STANDARD = "gnu++14";
				CLANG_CXX_LIBRARY = "libc++";
				CLANG_ENABLE_MODULES = YES;
				CLANG_ENABLE_OBJC_ARC = YES;
				CLANG_ENABLE_OBJC_WEAK = YES;
				CLANG_WARN_BLOCK_CAPTURE_AUTORELEASING = YES;
				CLANG_WARN_BOOL_CONVERSION = YES;
				CLANG_WARN_COMMA = YES;
				CLANG_WARN_CONSTANT_CONVERSION = YES;
				CLANG_WARN_DEPRECATED_OBJC_IMPLEMENTATIONS = YES;
				CLANG_WARN_DIRECT_OBJC_ISA_USAGE = YES_ERROR;
				CLANG_WARN_DOCUMENTATION_COMMENTS = YES;
				CLANG_WARN_EMPTY_BODY = YES;
				CLANG_WARN_ENUM_CONVERSION = YES;
				CLANG_WARN_INFINITE_RECURSION = YES;
				CLANG_WARN_INT_CONVERSION = YES;
				CLANG_WARN_NON_LITERAL_NULL_CONVERSION = YES;
				CLANG_WARN_OBJC_IMPLICIT_RETAIN_SELF = YES;
				CLANG_WARN_OBJC_LITERAL_CONVERSION = YES;
				CLANG_WARN_OBJC_ROOT_CLASS = YES_ERROR;
				CLANG_WARN_RANGE_LOOP_ANALYSIS = YES;
				CLANG_WARN_STRICT_PROTOTYPES = YES;
				CLANG_WARN_SUSPICIOUS_MOVE = YES;
				CLANG_WARN_UNGUARDED_AVAILABILITY = YES_AGGRESSIVE;
				CLANG_WARN_UNREACHABLE_CODE = YES;
				CLANG_WARN__DUPLICATE_METHOD_MATCH = YES;
				COPY_PHASE_STRIP = NO;
				DEBUG_INFORMATION_FORMAT = "dwarf-with-dsym";
				ENABLE_NS_ASSERTIONS = NO;
				ENABLE_STRICT_OBJC_MSGSEND = YES;
				GCC_C_LANGUAGE_STANDARD = gnu11;
				GCC_NO_COMMON_BLOCKS = YES;
				GCC_WARN_64_TO_32_BIT_CONVERSION = YES;
				GCC_WARN_ABOUT_RETURN_TYPE = YES_ERROR;
				GCC_WARN_UNDECLARED_SELECTOR = YES;
				GCC_WARN_UNINITIALIZED_AUTOS = YES_AGGRESSIVE;
				GCC_WARN_UNUSED_FUNCTION = YES;
				GCC_WARN_UNUSED_VARIABLE = YES;
				IPHONEOS_DEPLOYMENT_TARGET = 13.2;
				MTL_ENABLE_DEBUG_INFO = NO;
				MTL_FAST_MATH = YES;
				SDKROOT = iphoneos;
				SWIFT_COMPILATION_MODE = wholemodule;
				SWIFT_OPTIMIZATION_LEVEL = "-O";
				VALIDATE_PRODUCT = YES;
			};
			name = Release;
		};
		49EE5FAB23E9477A004D701B /* Debug */ = {
			isa = XCBuildConfiguration;
			buildSettings = {
				ASSETCATALOG_COMPILER_APPICON_NAME = AppIcon;
				CODE_SIGN_STYLE = Automatic;
				DEVELOPMENT_TEAM = BNGXY8T8NL;
				INFOPLIST_FILE = "bip the guy/Info.plist";
				LD_RUNPATH_SEARCH_PATHS = (
					"$(inherited)",
					"@executable_path/Frameworks",
				);
				PRODUCT_BUNDLE_IDENTIFIER = "com.PatrickMcDonough.bip-the-guy";
				PRODUCT_NAME = "$(TARGET_NAME)";
				SWIFT_VERSION = 5.0;
				TARGETED_DEVICE_FAMILY = "1,2";
			};
			name = Debug;
		};
		49EE5FAC23E9477A004D701B /* Release */ = {
			isa = XCBuildConfiguration;
			buildSettings = {
				ASSETCATALOG_COMPILER_APPICON_NAME = AppIcon;
				CODE_SIGN_STYLE = Automatic;
				DEVELOPMENT_TEAM = BNGXY8T8NL;
				INFOPLIST_FILE = "bip the guy/Info.plist";
				LD_RUNPATH_SEARCH_PATHS = (
					"$(inherited)",
					"@executable_path/Frameworks",
				);
				PRODUCT_BUNDLE_IDENTIFIER = "com.PatrickMcDonough.bip-the-guy";
				PRODUCT_NAME = "$(TARGET_NAME)";
				SWIFT_VERSION = 5.0;
				TARGETED_DEVICE_FAMILY = "1,2";
			};
			name = Release;
		};
		49EE5FAE23E9477A004D701B /* Debug */ = {
			isa = XCBuildConfiguration;
			buildSettings = {
				ALWAYS_EMBED_SWIFT_STANDARD_LIBRARIES = YES;
				BUNDLE_LOADER = "$(TEST_HOST)";
				CODE_SIGN_STYLE = Automatic;
				DEVELOPMENT_TEAM = BNGXY8T8NL;
				INFOPLIST_FILE = "bip the guyTests/Info.plist";
				IPHONEOS_DEPLOYMENT_TARGET = 13.2;
				LD_RUNPATH_SEARCH_PATHS = (
					"$(inherited)",
					"@executable_path/Frameworks",
					"@loader_path/Frameworks",
				);
				PRODUCT_BUNDLE_IDENTIFIER = "com.PatrickMcDonough.bip-the-guyTests";
				PRODUCT_NAME = "$(TARGET_NAME)";
				SWIFT_VERSION = 5.0;
				TARGETED_DEVICE_FAMILY = "1,2";
				TEST_HOST = "$(BUILT_PRODUCTS_DIR)/bip the guy.app/bip the guy";
			};
			name = Debug;
		};
		49EE5FAF23E9477A004D701B /* Release */ = {
			isa = XCBuildConfiguration;
			buildSettings = {
				ALWAYS_EMBED_SWIFT_STANDARD_LIBRARIES = YES;
				BUNDLE_LOADER = "$(TEST_HOST)";
				CODE_SIGN_STYLE = Automatic;
				DEVELOPMENT_TEAM = BNGXY8T8NL;
				INFOPLIST_FILE = "bip the guyTests/Info.plist";
				IPHONEOS_DEPLOYMENT_TARGET = 13.2;
				LD_RUNPATH_SEARCH_PATHS = (
					"$(inherited)",
					"@executable_path/Frameworks",
					"@loader_path/Frameworks",
				);
				PRODUCT_BUNDLE_IDENTIFIER = "com.PatrickMcDonough.bip-the-guyTests";
				PRODUCT_NAME = "$(TARGET_NAME)";
				SWIFT_VERSION = 5.0;
				TARGETED_DEVICE_FAMILY = "1,2";
				TEST_HOST = "$(BUILT_PRODUCTS_DIR)/bip the guy.app/bip the guy";
			};
			name = Release;
		};
		49EE5FB123E9477A004D701B /* Debug */ = {
			isa = XCBuildConfiguration;
			buildSettings = {
				ALWAYS_EMBED_SWIFT_STANDARD_LIBRARIES = YES;
				CODE_SIGN_STYLE = Automatic;
				DEVELOPMENT_TEAM = BNGXY8T8NL;
				INFOPLIST_FILE = "bip the guyUITests/Info.plist";
				LD_RUNPATH_SEARCH_PATHS = (
					"$(inherited)",
					"@executable_path/Frameworks",
					"@loader_path/Frameworks",
				);
				PRODUCT_BUNDLE_IDENTIFIER = "com.PatrickMcDonough.bip-the-guyUITests";
				PRODUCT_NAME = "$(TARGET_NAME)";
				SWIFT_VERSION = 5.0;
				TARGETED_DEVICE_FAMILY = "1,2";
				TEST_TARGET_NAME = "bip the guy";
			};
			name = Debug;
		};
		49EE5FB223E9477A004D701B /* Release */ = {
			isa = XCBuildConfiguration;
			buildSettings = {
				ALWAYS_EMBED_SWIFT_STANDARD_LIBRARIES = YES;
				CODE_SIGN_STYLE = Automatic;
				DEVELOPMENT_TEAM = BNGXY8T8NL;
				INFOPLIST_FILE = "bip the guyUITests/Info.plist";
				LD_RUNPATH_SEARCH_PATHS = (
					"$(inherited)",
					"@executable_path/Frameworks",
					"@loader_path/Frameworks",
				);
				PRODUCT_BUNDLE_IDENTIFIER = "com.PatrickMcDonough.bip-the-guyUITests";
				PRODUCT_NAME = "$(TARGET_NAME)";
				SWIFT_VERSION = 5.0;
				TARGETED_DEVICE_FAMILY = "1,2";
				TEST_TARGET_NAME = "bip the guy";
			};
			name = Release;
		};
/* End XCBuildConfiguration section */

/* Begin XCConfigurationList section */
		49EE5F7B23E94777004D701B /* Build configuration list for PBXProject "bip the guy" */ = {
			isa = XCConfigurationList;
			buildConfigurations = (
				49EE5FA823E9477A004D701B /* Debug */,
				49EE5FA923E9477A004D701B /* Release */,
			);
			defaultConfigurationIsVisible = 0;
			defaultConfigurationName = Release;
		};
		49EE5FAA23E9477A004D701B /* Build configuration list for PBXNativeTarget "bip the guy" */ = {
			isa = XCConfigurationList;
			buildConfigurations = (
				49EE5FAB23E9477A004D701B /* Debug */,
				49EE5FAC23E9477A004D701B /* Release */,
			);
			defaultConfigurationIsVisible = 0;
			defaultConfigurationName = Release;
		};
		49EE5FAD23E9477A004D701B /* Build configuration list for PBXNativeTarget "bip the guyTests" */ = {
			isa = XCConfigurationList;
			buildConfigurations = (
				49EE5FAE23E9477A004D701B /* Debug */,
				49EE5FAF23E9477A004D701B /* Release */,
			);
			defaultConfigurationIsVisible = 0;
			defaultConfigurationName = Release;
		};
		49EE5FB023E9477A004D701B /* Build configuration list for PBXNativeTarget "bip the guyUITests" */ = {
			isa = XCConfigurationList;
			buildConfigurations = (
				49EE5FB123E9477A004D701B /* Debug */,
				49EE5FB223E9477A004D701B /* Release */,
			);
			defaultConfigurationIsVisible = 0;
			defaultConfigurationName = Release;
		};
/* End XCConfigurationList section */
	};
	rootObject = 49EE5F7823E94777004D701B /* Project object */;
}
